
Microsoft Visual Studio Solution File, Format Version 12.00
# Visual Studio Version 16
VisualStudioVersion = 16.0.34407.143
MinimumVisualStudioVersion = 10.0.40219.1
Project("{FAE04EC0-301F-11D3-BF4B-00C04F79EFBC}") = "MyDictionary", "MyDictionary\MyDictionary.csproj", "{3071783B-1115-40AD-81B4-4EA3C32C1BBF}"
EndProject
Global
	GlobalSection(SolutionConfigurationPlatforms) = preSolution
		Debug|Any CPU = Debug|Any CPU
		Release|Any CPU = Release|Any CPU
	EndGlobalSection
	GlobalSection(ProjectConfigurationPlatforms) = postSolution
		{3071783B-1115-40AD-81B4-4EA3C32C1BBF}.Debug|Any CPU.ActiveCfg = Debug|Any CPU
		{3071783B-1115-40AD-81B4-4EA3C32C1BBF}.Debug|Any CPU.Build.0 = Debug|Any CPU
		{3071783B-1115-40AD-81B4-4EA3C32C1BBF}.Release|Any CPU.ActiveCfg = Release|Any CPU
		{3071783B-1115-40AD-81B4-4EA3C32C1BBF}.Release|Any CPU.Build.0 = Release|Any CPU
	EndGlobalSection
	GlobalSection(SolutionProperties) = preSolution
		HideSolutionNode = FALSE
	EndGlobalSection
	GlobalSection(ExtensibilityGlobals) = postSolution
		SolutionGuid = {A54BE4D5-DB1B-40F7-A541-244BDC4445CA}
	EndGlobalSection
EndGlobal
